
Microsoft Visual Studio Solution File, Format Version 12.00
# Visual Studio for Mac
Project("{FAE04EC0-301F-11D3-BF4B-00C04F79EFBC}") = "Assembly-CSharp", "Assembly-CSharp.csproj", "{0630A27D-A6E4-5CFD-8EAA-3400E5C3AE75}"
EndProject
Global
	GlobalSection(SolutionConfigurationPlatforms) = preSolution
		Debug|Any CPU = Debug|Any CPU
		Release|Any CPU = Release|Any CPU
	EndGlobalSection
	GlobalSection(ProjectConfigurationPlatforms) = postSolution
		{0630A27D-A6E4-5CFD-8EAA-3400E5C3AE75}.Debug|Any CPU.ActiveCfg = Debug|Any CPU
		{0630A27D-A6E4-5CFD-8EAA-3400E5C3AE75}.Debug|Any CPU.Build.0 = Debug|Any CPU
		{0630A27D-A6E4-5CFD-8EAA-3400E5C3AE75}.Release|Any CPU.ActiveCfg = Release|Any CPU
		{0630A27D-A6E4-5CFD-8EAA-3400E5C3AE75}.Release|Any CPU.Build.0 = Release|Any CPU
	EndGlobalSection
	GlobalSection(SolutionProperties) = preSolution
		HideSolutionNode = FALSE
	EndGlobalSection
EndGlobal
